{
  "nodes": {
    "nixpkgs": {
      "locked": {
        "lastModified": 1786201459,
        "narHash": "sha256-nGjEsy0fPEsb9MAf3eBeu6YvJV9TwY9hDgo3M/ANi24=",
        "rev": "8b8c811c7c2541c30382c5de7ed26be055569c60",
        "type": "tarball",
        "url": "https://releases.nixos.org/nixos/26.05/nixos-26.05.7273.8b8c811c7c25/nixexprs.tar.xz"
      },
      "original": {
        "id": "nixpkgs",
        "ref": "nixos-26.05",
        "type": "indirect"
      }
    },
    "root": {
      "inputs": {
        "nixpkgs": "nixpkgs"
      }
    }
  },
  "root": "root",
  "version": 7
}
